
Microsoft Visual Studio Solution File, Format Version 12.00
# Visual Studio Version 16
VisualStudioVersion = 16.0.28803.916
MinimumVisualStudioVersion = 10.0.40219.1
Project("{FAE04EC0-301F-11D3-BF4B-00C04F79EFBC}") = "Helpy", "Helpy\Helpy.csproj", "{B1F98C5D-11FD-4965-B079-F1F5353B2D34}"
EndProject
Global
	GlobalSection(SolutionConfigurationPlatforms) = preSolution
		Debug|Any CPU = Debug|Any CPU
		Release|Any CPU = Release|Any CPU
	EndGlobalSection
	GlobalSection(ProjectConfigurationPlatforms) = postSolution
		{B1F98C5D-11FD-4965-B079-F1F5353B2D34}.Debug|Any CPU.ActiveCfg = Debug|Any CPU
		{B1F98C5D-11FD-4965-B079-F1F5353B2D34}.Debug|Any CPU.Build.0 = Debug|Any CPU
		{B1F98C5D-11FD-4965-B079-F1F5353B2D34}.Release|Any CPU.ActiveCfg = Release|Any CPU
		{B1F98C5D-11FD-4965-B079-F1F5353B2D34}.Release|Any CPU.Build.0 = Release|Any CPU
	EndGlobalSection
	GlobalSection(SolutionProperties) = preSolution
		HideSolutionNode = FALSE
	EndGlobalSection
	GlobalSection(ExtensibilityGlobals) = postSolution
		SolutionGuid = {C976610F-2F33-4CE7-9E5B-D63DB72FCA51}
	EndGlobalSection
EndGlobal
